
Microsoft Visual Studio Solution File, Format Version 12.00
# Visual Studio Version 16
VisualStudioVersion = 16.0.32901.82
MinimumVisualStudioVersion = 10.0.40219.1
Project("{2150E333-8FDC-42A3-9474-1A3956D46DE8}") = "0 - Apresentacao", "0 - Apresentacao", "{1DCFE29E-E13C-4672-964F-78B5DBD4B2DC}"
EndProject
Project("{9A19103F-16F7-4668-BE54-9A1E7A4F7556}") = "ARCP.Apresentacao", "ARCP.Apresentacao\ARCP.Apresentacao.csproj", "{7D004B4A-E212-4C4D-B80B-139623DE6FF1}"
EndProject
Project("{2150E333-8FDC-42A3-9474-1A3956D46DE8}") = "1 - Domain", "1 - Domain", "{9DBAECC6-5E6B-461D-9A55-2559E186DAFF}"
EndProject
Project("{9A19103F-16F7-4668-BE54-9A1E7A4F7556}") = "ARCP.Domain", "ARCP.Domain\ARCP.Domain.csproj", "{C17B6C69-8BB4-499A-87FA-D011E28C36E4}"
EndProject
Project("{2150E333-8FDC-42A3-9474-1A3956D46DE8}") = "2 - Infraestrutura", "2 - Infraestrutura", "{7D8C1AE8-E474-4754-A970-5A37CB2CD6F1}"
EndProject
Project("{2150E333-8FDC-42A3-9474-1A3956D46DE8}") = "Data", "Data", "{57B38A23-8B75-46FF-B20C-577479DB1529}"
EndProject
Project("{FAE04EC0-301F-11D3-BF4B-00C04F79EFBC}") = "ARCP.Data", "ARCP.Data\ARCP.Data.csproj", "{F6741E0F-B760-4256-99AA-6B74CA93561F}"
EndProject
Global
	GlobalSection(SolutionConfigurationPlatforms) = preSolution
		Debug|Any CPU = Debug|Any CPU
		Release|Any CPU = Release|Any CPU
	EndGlobalSection
	GlobalSection(ProjectConfigurationPlatforms) = postSolution
		{7D004B4A-E212-4C4D-B80B-139623DE6FF1}.Debug|Any CPU.ActiveCfg = Debug|Any CPU
		{7D004B4A-E212-4C4D-B80B-139623DE6FF1}.Debug|Any CPU.Build.0 = Debug|Any CPU
		{7D004B4A-E212-4C4D-B80B-139623DE6FF1}.Release|Any CPU.ActiveCfg = Release|Any CPU
		{7D004B4A-E212-4C4D-B80B-139623DE6FF1}.Release|Any CPU.Build.0 = Release|Any CPU
		{C17B6C69-8BB4-499A-87FA-D011E28C36E4}.Debug|Any CPU.ActiveCfg = Debug|Any CPU
		{C17B6C69-8BB4-499A-87FA-D011E28C36E4}.Debug|Any CPU.Build.0 = Debug|Any CPU
		{C17B6C69-8BB4-499A-87FA-D011E28C36E4}.Release|Any CPU.ActiveCfg = Release|Any CPU
		{C17B6C69-8BB4-499A-87FA-D011E28C36E4}.Release|Any CPU.Build.0 = Release|Any CPU
		{F6741E0F-B760-4256-99AA-6B74CA93561F}.Debug|Any CPU.ActiveCfg = Debug|Any CPU
		{F6741E0F-B760-4256-99AA-6B74CA93561F}.Debug|Any CPU.Build.0 = Debug|Any CPU
		{F6741E0F-B760-4256-99AA-6B74CA93561F}.Release|Any CPU.ActiveCfg = Release|Any CPU
		{F6741E0F-B760-4256-99AA-6B74CA93561F}.Release|Any CPU.Build.0 = Release|Any CPU
	EndGlobalSection
	GlobalSection(SolutionProperties) = preSolution
		HideSolutionNode = FALSE
	EndGlobalSection
	GlobalSection(NestedProjects) = preSolution
		{7D004B4A-E212-4C4D-B80B-139623DE6FF1} = {1DCFE29E-E13C-4672-964F-78B5DBD4B2DC}
		{C17B6C69-8BB4-499A-87FA-D011E28C36E4} = {9DBAECC6-5E6B-461D-9A55-2559E186DAFF}
		{57B38A23-8B75-46FF-B20C-577479DB1529} = {7D8C1AE8-E474-4754-A970-5A37CB2CD6F1}
		{F6741E0F-B760-4256-99AA-6B74CA93561F} = {57B38A23-8B75-46FF-B20C-577479DB1529}
	EndGlobalSection
	GlobalSection(ExtensibilityGlobals) = postSolution
		SolutionGuid = {B0067762-45B2-4AC4-9A58-8B52134A88C9}
	EndGlobalSection
EndGlobal
